// !$*UTF8*$!
{
	archiveVersion = 1;
	classes = {
	};
	objectVersion = 51;
	objects = {

/* Begin PBXBuildFile section */
		0349E469283D7DA3007131A8 /* RequestInfo.swift in Sources */ = {isa = PBXBuildFile; fileRef = 0349E468283D7DA3007131A8 /* RequestInfo.swift */; };
		0349E46B283D8499007131A8 /* PhotoCell.swift in Sources */ = {isa = PBXBuildFile; fileRef = 0349E46A283D8499007131A8 /* PhotoCell.swift */; };
		0349E46E283D9327007131A8 /* SuperViewController.swift in Sources */ = {isa = PBXBuildFile; fileRef = 0349E46D283D9327007131A8 /* SuperViewController.swift */; };
		0349E472283D96EB007131A8 /* PhotoListViewModel.swift in Sources */ = {isa = PBXBuildFile; fileRef = 0349E471283D96EB007131A8 /* PhotoListViewModel.swift */; };
		0349E474283D9711007131A8 /* PhotoListViewModelProtocol.swift in Sources */ = {isa = PBXBuildFile; fileRef = 0349E473283D9711007131A8 /* PhotoListViewModelProtocol.swift */; };
		0349E476283D9A68007131A8 /* PhotoViewData.swift in Sources */ = {isa = PBXBuildFile; fileRef = 0349E475283D9A68007131A8 /* PhotoViewData.swift */; };
		0355749C2840164400C0512E /* Int.swift in Sources */ = {isa = PBXBuildFile; fileRef = 0355749B2840164400C0512E /* Int.swift */; };
		0355749F284016EC00C0512E /* BannerViewData.swift in Sources */ = {isa = PBXBuildFile; fileRef = 0355749E284016EC00C0512E /* BannerViewData.swift */; };
		035574A1284016EC00C0512E /* SuperPhotoViewData.swift in Sources */ = {isa = PBXBuildFile; fileRef = 035574A0284016EC00C0512E /* SuperPhotoViewData.swift */; };
		0357314628403A94005CA337 /* UITableView.swift in Sources */ = {isa = PBXBuildFile; fileRef = 0357314528403A94005CA337 /* UITableView.swift */; };
		0357314828403C21005CA337 /* Reactive.swift in Sources */ = {isa = PBXBuildFile; fileRef = 0357314728403C21005CA337 /* Reactive.swift */; };
		0357314C284040DF005CA337 /* IndicatorCell.swift in Sources */ = {isa = PBXBuildFile; fileRef = 0357314B284040DF005CA337 /* IndicatorCell.swift */; };
		03827886283D4334008B4781 /* PhotoService.swift in Sources */ = {isa = PBXBuildFile; fileRef = 03827885283D4334008B4781 /* PhotoService.swift */; };
		03827889283D43F6008B4781 /* SearchParams.swift in Sources */ = {isa = PBXBuildFile; fileRef = 03827888283D43F6008B4781 /* SearchParams.swift */; };
		0382788E283D4917008B4781 /* SearchPhotoResponse.swift in Sources */ = {isa = PBXBuildFile; fileRef = 0382788D283D4917008B4781 /* SearchPhotoResponse.swift */; };
		03827890283D49B2008B4781 /* Photo.swift in Sources */ = {isa = PBXBuildFile; fileRef = 0382788F283D49B2008B4781 /* Photo.swift */; };
		039706D1283C326100207A37 /* AppDelegate.swift in Sources */ = {isa = PBXBuildFile; fileRef = 039706D0283C326100207A37 /* AppDelegate.swift */; };
		039706D3283C326100207A37 /* SceneDelegate.swift in Sources */ = {isa = PBXBuildFile; fileRef = 039706D2283C326100207A37 /* SceneDelegate.swift */; };
		039706D5283C326100207A37 /* PhotoListController.swift in Sources */ = {isa = PBXBuildFile; fileRef = 039706D4283C326100207A37 /* PhotoListController.swift */; };
		039706DA283C326200207A37 /* Assets.xcassets in Resources */ = {isa = PBXBuildFile; fileRef = 039706D9283C326200207A37 /* Assets.xcassets */; };
		039706DD283C326200207A37 /* LaunchScreen.storyboard in Resources */ = {isa = PBXBuildFile; fileRef = 039706DB283C326200207A37 /* LaunchScreen.storyboard */; };
		039706E8283C326200207A37 /* PhotoAppTests.swift in Sources */ = {isa = PBXBuildFile; fileRef = 039706E7283C326200207A37 /* PhotoAppTests.swift */; };
		039706F3283C326200207A37 /* PhotoAppUITests.swift in Sources */ = {isa = PBXBuildFile; fileRef = 039706F2283C326200207A37 /* PhotoAppUITests.swift */; };
		03970708283C354500207A37 /* Coordinator.swift in Sources */ = {isa = PBXBuildFile; fileRef = 03970707283C354500207A37 /* Coordinator.swift */; };
		0397070A283C354500207A37 /* MainCoordinator.swift in Sources */ = {isa = PBXBuildFile; fileRef = 03970709283C354500207A37 /* MainCoordinator.swift */; };
		0397070C283C354500207A37 /* SplashController.swift in Sources */ = {isa = PBXBuildFile; fileRef = 0397070B283C354500207A37 /* SplashController.swift */; };
		03970710283C354500207A37 /* UIView.swift in Sources */ = {isa = PBXBuildFile; fileRef = 0397070F283C354500207A37 /* UIView.swift */; };
		03970714283C354500207A37 /* ApiBaseProtocol.swift in Sources */ = {isa = PBXBuildFile; fileRef = 03970713283C354500207A37 /* ApiBaseProtocol.swift */; };
		03970716283C354500207A37 /* EndPoint.swift in Sources */ = {isa = PBXBuildFile; fileRef = 03970715283C354500207A37 /* EndPoint.swift */; };
		03970718283C383D00207A37 /* ApiBase.swift in Sources */ = {isa = PBXBuildFile; fileRef = 03970717283C383D00207A37 /* ApiBase.swift */; };
		0397071A283C396B00207A37 /* Constant.swift in Sources */ = {isa = PBXBuildFile; fileRef = 03970719283C396B00207A37 /* Constant.swift */; };
		03FE77BB283EC26E0072EDDB /* PhotoListController + BindingModel.swift in Sources */ = {isa = PBXBuildFile; fileRef = 03FE77BA283EC26E0072EDDB /* PhotoListController + BindingModel.swift */; };
		03FE77BD283EC6360072EDDB /* UIImageView.swift in Sources */ = {isa = PBXBuildFile; fileRef = 03FE77BC283EC6360072EDDB /* UIImageView.swift */; };
		03FE77BF283EC6E10072EDDB /* UIColor.swift in Sources */ = {isa = PBXBuildFile; fileRef = 03FE77BE283EC6E10072EDDB /* UIColor.swift */; };
		03FE77C1283EF3640072EDDB /* BannerCell.swift in Sources */ = {isa = PBXBuildFile; fileRef = 03FE77C0283EF3640072EDDB /* BannerCell.swift */; };
		2E5A5069F89A025E1E7AF8F2 /* Pods_PhotoAppTests.framework in Frameworks */ = {isa = PBXBuildFile; fileRef = 2E4863ABD5A6EA9CA5FDFD7B /* Pods_PhotoAppTests.framework */; };
		3C1296FC8C37EBACE067310E /* Pods_PhotoApp.framework in Frameworks */ = {isa = PBXBuildFile; fileRef = 3C9E7A6883FD6C4FAEE098C3 /* Pods_PhotoApp.framework */; };
		B4D10173460D5C589C14A9D2 /* Pods_PhotoApp_PhotoAppUITests.framework in Frameworks */ = {isa = PBXBuildFile; fileRef = 58B960FF5A06A5AC165D94B3 /* Pods_PhotoApp_PhotoAppUITests.framework */; };
/* End PBXBuildFile section */

/* Begin PBXContainerItemProxy section */
		039706E4283C326200207A37 /* PBXContainerItemProxy */ = {
			isa = PBXContainerItemProxy;
			containerPortal = 039706C5283C326100207A37 /* Project object */;
			proxyType = 1;
			remoteGlobalIDString = 039706CC283C326100207A37;
			remoteInfo = PhotoApp;
		};
		039706EF283C326200207A37 /* PBXContainerItemProxy */ = {
			isa = PBXContainerItemProxy;
			containerPortal = 039706C5283C326100207A37 /* Project object */;
			proxyType = 1;
			remoteGlobalIDString = 039706CC283C326100207A37;
			remoteInfo = PhotoApp;
		};
/* End PBXContainerItemProxy section */

/* Begin PBXFileReference section */
		0349E468283D7DA3007131A8 /* RequestInfo.swift */ = {isa = PBXFileReference; lastKnownFileType = sourcecode.swift; path = RequestInfo.swift; sourceTree = "<group>"; };
		0349E46A283D8499007131A8 /* PhotoCell.swift */ = {isa = PBXFileReference; lastKnownFileType = sourcecode.swift; path = PhotoCell.swift; sourceTree = "<group>"; };
		0349E46D283D9327007131A8 /* SuperViewController.swift */ = {isa = PBXFileReference; lastKnownFileType = sourcecode.swift; path = SuperViewController.swift; sourceTree = "<group>"; };
		0349E471283D96EB007131A8 /* PhotoListViewModel.swift */ = {isa = PBXFileReference; lastKnownFileType = sourcecode.swift; path = PhotoListViewModel.swift; sourceTree = "<group>"; };
		0349E473283D9711007131A8 /* PhotoListViewModelProtocol.swift */ = {isa = PBXFileReference; lastKnownFileType = sourcecode.swift; path = PhotoListViewModelProtocol.swift; sourceTree = "<group>"; };
		0349E475283D9A68007131A8 /* PhotoViewData.swift */ = {isa = PBXFileReference; lastKnownFileType = sourcecode.swift; path = PhotoViewData.swift; sourceTree = "<group>"; };
		0355749B2840164400C0512E /* Int.swift */ = {isa = PBXFileReference; lastKnownFileType = sourcecode.swift; path = Int.swift; sourceTree = "<group>"; };
		0355749E284016EC00C0512E /* BannerViewData.swift */ = {isa = PBXFileReference; lastKnownFileType = sourcecode.swift; path = BannerViewData.swift; sourceTree = "<group>"; };
		035574A0284016EC00C0512E /* SuperPhotoViewData.swift */ = {isa = PBXFileReference; lastKnownFileType = sourcecode.swift; path = SuperPhotoViewData.swift; sourceTree = "<group>"; };
		0357314528403A94005CA337 /* UITableView.swift */ = {isa = PBXFileReference; lastKnownFileType = sourcecode.swift; path = UITableView.swift; sourceTree = "<group>"; };
		0357314728403C21005CA337 /* Reactive.swift */ = {isa = PBXFileReference; lastKnownFileType = sourcecode.swift; path = Reactive.swift; sourceTree = "<group>"; };
		0357314B284040DF005CA337 /* IndicatorCell.swift */ = {isa = PBXFileReference; lastKnownFileType = sourcecode.swift; path = IndicatorCell.swift; sourceTree = "<group>"; };
		03827885283D4334008B4781 /* PhotoService.swift */ = {isa = PBXFileReference; lastKnownFileType = sourcecode.swift; path = PhotoService.swift; sourceTree = "<group>"; };
		03827888283D43F6008B4781 /* SearchParams.swift */ = {isa = PBXFileReference; lastKnownFileType = sourcecode.swift; path = SearchParams.swift; sourceTree = "<group>"; };
		0382788D283D4917008B4781 /* SearchPhotoResponse.swift */ = {isa = PBXFileReference; lastKnownFileType = sourcecode.swift; path = SearchPhotoResponse.swift; sourceTree = "<group>"; };
		0382788F283D49B2008B4781 /* Photo.swift */ = {isa = PBXFileReference; lastKnownFileType = sourcecode.swift; path = Photo.swift; sourceTree = "<group>"; };
		039706CD283C326100207A37 /* PhotoApp.app */ = {isa = PBXFileReference; explicitFileType = wrapper.application; includeInIndex = 0; path = PhotoApp.app; sourceTree = BUILT_PRODUCTS_DIR; };
		039706D0283C326100207A37 /* AppDelegate.swift */ = {isa = PBXFileReference; lastKnownFileType = sourcecode.swift; path = AppDelegate.swift; sourceTree = "<group>"; };
		039706D2283C326100207A37 /* SceneDelegate.swift */ = {isa = PBXFileReference; lastKnownFileType = sourcecode.swift; path = SceneDelegate.swift; sourceTree = "<group>"; };
		039706D4283C326100207A37 /* PhotoListController.swift */ = {isa = PBXFileReference; lastKnownFileType = sourcecode.swift; path = PhotoListController.swift; sourceTree = "<group>"; };
		039706D9283C326200207A37 /* Assets.xcassets */ = {isa = PBXFileReference; lastKnownFileType = folder.assetcatalog; path = Assets.xcassets; sourceTree = "<group>"; };
		039706DC283C326200207A37 /* Base */ = {isa = PBXFileReference; lastKnownFileType = file.storyboard; name = Base; path = Base.lproj/LaunchScreen.storyboard; sourceTree = "<group>"; };
		039706DE283C326200207A37 /* Info.plist */ = {isa = PBXFileReference; lastKnownFileType = text.plist.xml; path = Info.plist; sourceTree = "<group>"; };
		039706E3283C326200207A37 /* PhotoAppTests.xctest */ = {isa = PBXFileReference; explicitFileType = wrapper.cfbundle; includeInIndex = 0; path = PhotoAppTests.xctest; sourceTree = BUILT_PRODUCTS_DIR; };
		039706E7283C326200207A37 /* PhotoAppTests.swift */ = {isa = PBXFileReference; lastKnownFileType = sourcecode.swift; path = PhotoAppTests.swift; sourceTree = "<group>"; };
		039706E9283C326200207A37 /* Info.plist */ = {isa = PBXFileReference; lastKnownFileType = text.plist.xml; path = Info.plist; sourceTree = "<group>"; };
		039706EE283C326200207A37 /* PhotoAppUITests.xctest */ = {isa = PBXFileReference; explicitFileType = wrapper.cfbundle; includeInIndex = 0; path = PhotoAppUITests.xctest; sourceTree = BUILT_PRODUCTS_DIR; };
		039706F2283C326200207A37 /* PhotoAppUITests.swift */ = {isa = PBXFileReference; lastKnownFileType = sourcecode.swift; path = PhotoAppUITests.swift; sourceTree = "<group>"; };
		039706F4283C326200207A37 /* Info.plist */ = {isa = PBXFileReference; lastKnownFileType = text.plist.xml; path = Info.plist; sourceTree = "<group>"; };
		03970707283C354500207A37 /* Coordinator.swift */ = {isa = PBXFileReference; lastKnownFileType = sourcecode.swift; path = Coordinator.swift; sourceTree = "<group>"; };
		03970709283C354500207A37 /* MainCoordinator.swift */ = {isa = PBXFileReference; lastKnownFileType = sourcecode.swift; path = MainCoordinator.swift; sourceTree = "<group>"; };
		0397070B283C354500207A37 /* SplashController.swift */ = {isa = PBXFileReference; lastKnownFileType = sourcecode.swift; path = SplashController.swift; sourceTree = "<group>"; };
		0397070F283C354500207A37 /* UIView.swift */ = {isa = PBXFileReference; lastKnownFileType = sourcecode.swift; path = UIView.swift; sourceTree = "<group>"; };
		03970713283C354500207A37 /* ApiBaseProtocol.swift */ = {isa = PBXFileReference; lastKnownFileType = sourcecode.swift; path = ApiBaseProtocol.swift; sourceTree = "<group>"; };
		03970715283C354500207A37 /* EndPoint.swift */ = {isa = PBXFileReference; lastKnownFileType = sourcecode.swift; path = EndPoint.swift; sourceTree = "<group>"; };
		03970717283C383D00207A37 /* ApiBase.swift */ = {isa = PBXFileReference; lastKnownFileType = sourcecode.swift; path = ApiBase.swift; sourceTree = "<group>"; };
		03970719283C396B00207A37 /* Constant.swift */ = {isa = PBXFileReference; lastKnownFileType = sourcecode.swift; path = Constant.swift; sourceTree = "<group>"; };
		03FE77BA283EC26E0072EDDB /* PhotoListController + BindingModel.swift */ = {isa = PBXFileReference; lastKnownFileType = sourcecode.swift; path = "PhotoListController + BindingModel.swift"; sourceTree = "<group>"; };
		03FE77BC283EC6360072EDDB /* UIImageView.swift */ = {isa = PBXFileReference; lastKnownFileType = sourcecode.swift; path = UIImageView.swift; sourceTree = "<group>"; };
		03FE77BE283EC6E10072EDDB /* UIColor.swift */ = {isa = PBXFileReference; lastKnownFileType = sourcecode.swift; path = UIColor.swift; sourceTree = "<group>"; };
		03FE77C0283EF3640072EDDB /* BannerCell.swift */ = {isa = PBXFileReference; lastKnownFileType = sourcecode.swift; path = BannerCell.swift; sourceTree = "<group>"; };
		07A41E40E2FC455D2E1CCD8D /* Pods-PhotoApp.release.xcconfig */ = {isa = PBXFileReference; includeInIndex = 1; lastKnownFileType = text.xcconfig; name = "Pods-PhotoApp.release.xcconfig"; path = "Target Support Files/Pods-PhotoApp/Pods-PhotoApp.release.xcconfig"; sourceTree = "<group>"; };
		0C3138AE398ACE3641750DB0 /* Pods-PhotoAppTests.release.xcconfig */ = {isa = PBXFileReference; includeInIndex = 1; lastKnownFileType = text.xcconfig; name = "Pods-PhotoAppTests.release.xcconfig"; path = "Target Support Files/Pods-PhotoAppTests/Pods-PhotoAppTests.release.xcconfig"; sourceTree = "<group>"; };
		2E4863ABD5A6EA9CA5FDFD7B /* Pods_PhotoAppTests.framework */ = {isa = PBXFileReference; explicitFileType = wrapper.framework; includeInIndex = 0; path = Pods_PhotoAppTests.framework; sourceTree = BUILT_PRODUCTS_DIR; };
		3C9E7A6883FD6C4FAEE098C3 /* Pods_PhotoApp.framework */ = {isa = PBXFileReference; explicitFileType = wrapper.framework; includeInIndex = 0; path = Pods_PhotoApp.framework; sourceTree = BUILT_PRODUCTS_DIR; };
		58B960FF5A06A5AC165D94B3 /* Pods_PhotoApp_PhotoAppUITests.framework */ = {isa = PBXFileReference; explicitFileType = wrapper.framework; includeInIndex = 0; path = Pods_PhotoApp_PhotoAppUITests.framework; sourceTree = BUILT_PRODUCTS_DIR; };
		80A8DC04340229C520573353 /* Pods-PhotoApp.debug.xcconfig */ = {isa = PBXFileReference; includeInIndex = 1; lastKnownFileType = text.xcconfig; name = "Pods-PhotoApp.debug.xcconfig"; path = "Target Support Files/Pods-PhotoApp/Pods-PhotoApp.debug.xcconfig"; sourceTree = "<group>"; };
		92E045E0E505F240D400685E /* Pods-PhotoAppTests.debug.xcconfig */ = {isa = PBXFileReference; includeInIndex = 1; lastKnownFileType = text.xcconfig; name = "Pods-PhotoAppTests.debug.xcconfig"; path = "Target Support Files/Pods-PhotoAppTests/Pods-PhotoAppTests.debug.xcconfig"; sourceTree = "<group>"; };
		F4895480BFF98EC3D543304D /* Pods-PhotoApp-PhotoAppUITests.debug.xcconfig */ = {isa = PBXFileReference; includeInIndex = 1; lastKnownFileType = text.xcconfig; name = "Pods-PhotoApp-PhotoAppUITests.debug.xcconfig"; path = "Target Support Files/Pods-PhotoApp-PhotoAppUITests/Pods-PhotoApp-PhotoAppUITests.debug.xcconfig"; sourceTree = "<group>"; };
		FFCC53A748F86A446ABADE64 /* Pods-PhotoApp-PhotoAppUITests.release.xcconfig */ = {isa = PBXFileReference; includeInIndex = 1; lastKnownFileType = text.xcconfig; name = "Pods-PhotoApp-PhotoAppUITests.release.xcconfig"; path = "Target Support Files/Pods-PhotoApp-PhotoAppUITests/Pods-PhotoApp-PhotoAppUITests.release.xcconfig"; sourceTree = "<group>"; };
/* End PBXFileReference section */

/* Begin PBXFrameworksBuildPhase section */
		039706CA283C326100207A37 /* Frameworks */ = {
			isa = PBXFrameworksBuildPhase;
			buildActionMask = 2147483647;
			files = (
				3C1296FC8C37EBACE067310E /* Pods_PhotoApp.framework in Frameworks */,
			);
			runOnlyForDeploymentPostprocessing = 0;
		};
		039706E0283C326200207A37 /* Frameworks */ = {
			isa = PBXFrameworksBuildPhase;
			buildActionMask = 2147483647;
			files = (
				2E5A5069F89A025E1E7AF8F2 /* Pods_PhotoAppTests.framework in Frameworks */,
			);
			runOnlyForDeploymentPostprocessing = 0;
		};
		039706EB283C326200207A37 /* Frameworks */ = {
			isa = PBXFrameworksBuildPhase;
			buildActionMask = 2147483647;
			files = (
				B4D10173460D5C589C14A9D2 /* Pods_PhotoApp_PhotoAppUITests.framework in Frameworks */,
			);
			runOnlyForDeploymentPostprocessing = 0;
		};
/* End PBXFrameworksBuildPhase section */

/* Begin PBXGroup section */
		0349E46C283D849D007131A8 /* Cell */ = {
			isa = PBXGroup;
			children = (
				0349E46A283D8499007131A8 /* PhotoCell.swift */,
				03FE77C0283EF3640072EDDB /* BannerCell.swift */,
				0357314B284040DF005CA337 /* IndicatorCell.swift */,
			);
			path = Cell;
			sourceTree = "<group>";
		};
		0349E46F283D96C3007131A8 /* ViewModel */ = {
			isa = PBXGroup;
			children = (
				0349E473283D9711007131A8 /* PhotoListViewModelProtocol.swift */,
				0349E471283D96EB007131A8 /* PhotoListViewModel.swift */,
			);
			path = ViewModel;
			sourceTree = "<group>";
		};
		0349E470283D96CD007131A8 /* Model */ = {
			isa = PBXGroup;
			children = (
				0349E475283D9A68007131A8 /* PhotoViewData.swift */,
				0355749E284016EC00C0512E /* BannerViewData.swift */,
				035574A0284016EC00C0512E /* SuperPhotoViewData.swift */,
			);
			path = Model;
			sourceTree = "<group>";
		};
		03827884283D42FF008B4781 /* Service */ = {
			isa = PBXGroup;
			children = (
				03827885283D4334008B4781 /* PhotoService.swift */,
			);
			path = Service;
			sourceTree = "<group>";
		};
		03827887283D43D1008B4781 /* Entity */ = {
			isa = PBXGroup;
			children = (
				0382788C283D48F2008B4781 /* Params */,
				0382788B283D48EB008B4781 /* Response */,
				0382788A283D48E4008B4781 /* Model */,
			);
			path = Entity;
			sourceTree = "<group>";
		};
		0382788A283D48E4008B4781 /* Model */ = {
			isa = PBXGroup;
			children = (
				0382788F283D49B2008B4781 /* Photo.swift */,
			);
			path = Model;
			sourceTree = "<group>";
		};
		0382788B283D48EB008B4781 /* Response */ = {
			isa = PBXGroup;
			children = (
				0382788D283D4917008B4781 /* SearchPhotoResponse.swift */,
			);
			path = Response;
			sourceTree = "<group>";
		};
		0382788C283D48F2008B4781 /* Params */ = {
			isa = PBXGroup;
			children = (
				03827888283D43F6008B4781 /* SearchParams.swift */,
			);
			path = Params;
			sourceTree = "<group>";
		};
		039706C4283C326100207A37 = {
			isa = PBXGroup;
			children = (
				039706CF283C326100207A37 /* PhotoApp */,
				039706E6283C326200207A37 /* PhotoAppTests */,
				039706F1283C326200207A37 /* PhotoAppUITests */,
				039706CE283C326100207A37 /* Products */,
				E9308486754F5F11C434BD6D /* Pods */,
				D819C794DDB179174EC654CB /* Frameworks */,
			);
			sourceTree = "<group>";
		};
		039706CE283C326100207A37 /* Products */ = {
			isa = PBXGroup;
			children = (
				039706CD283C326100207A37 /* PhotoApp.app */,
				039706E3283C326200207A37 /* PhotoAppTests.xctest */,
				039706EE283C326200207A37 /* PhotoAppUITests.xctest */,
			);
			name = Products;
			sourceTree = "<group>";
		};
		039706CF283C326100207A37 /* PhotoApp */ = {
			isa = PBXGroup;
			children = (
				03970701283C32CC00207A37 /* Screens */,
				03970711283C354500207A37 /* Networking */,
				03970703283C332B00207A37 /* Utilities */,
				03970702283C32FF00207A37 /* Resources */,
			);
			path = PhotoApp;
			sourceTree = "<group>";
		};
		039706E6283C326200207A37 /* PhotoAppTests */ = {
			isa = PBXGroup;
			children = (
				039706E7283C326200207A37 /* PhotoAppTests.swift */,
				039706E9283C326200207A37 /* Info.plist */,
			);
			path = PhotoAppTests;
			sourceTree = "<group>";
		};
		039706F1283C326200207A37 /* PhotoAppUITests */ = {
			isa = PBXGroup;
			children = (
				039706F2283C326200207A37 /* PhotoAppUITests.swift */,
				039706F4283C326200207A37 /* Info.plist */,
			);
			path = PhotoAppUITests;
			sourceTree = "<group>";
		};
		03970700283C328600207A37 /* PhotoList */ = {
			isa = PBXGroup;
			children = (
				0349E470283D96CD007131A8 /* Model */,
				0349E46F283D96C3007131A8 /* ViewModel */,
				03970705283C354500207A37 /* View */,
			);
			path = PhotoList;
			sourceTree = "<group>";
		};
		03970701283C32CC00207A37 /* Screens */ = {
			isa = PBXGroup;
			children = (
				03970704283C33FD00207A37 /* Splash */,
				03970700283C328600207A37 /* PhotoList */,
			);
			path = Screens;
			sourceTree = "<group>";
		};
		03970702283C32FF00207A37 /* Resources */ = {
			isa = PBXGroup;
			children = (
				039706D9283C326200207A37 /* Assets.xcassets */,
				039706DE283C326200207A37 /* Info.plist */,
			);
			path = Resources;
			sourceTree = "<group>";
		};
		03970703283C332B00207A37 /* Utilities */ = {
			isa = PBXGroup;
			children = (
				039706D0283C326100207A37 /* AppDelegate.swift */,
				039706D2283C326100207A37 /* SceneDelegate.swift */,
				03970706283C354500207A37 /* Coordinator */,
				0397070E283C354500207A37 /* Extensions */,
				03970719283C396B00207A37 /* Constant.swift */,
			);
			path = Utilities;
			sourceTree = "<group>";
		};
		03970704283C33FD00207A37 /* Splash */ = {
			isa = PBXGroup;
			children = (
				0397070D283C354500207A37 /* View */,
			);
			path = Splash;
			sourceTree = "<group>";
		};
		03970705283C354500207A37 /* View */ = {
			isa = PBXGroup;
			children = (
				0349E46C283D849D007131A8 /* Cell */,
				0349E46D283D9327007131A8 /* SuperViewController.swift */,
				039706D4283C326100207A37 /* PhotoListController.swift */,
				03FE77BA283EC26E0072EDDB /* PhotoListController + BindingModel.swift */,
			);
			path = View;
			sourceTree = "<group>";
		};
		03970706283C354500207A37 /* Coordinator */ = {
			isa = PBXGroup;
			children = (
				03970707283C354500207A37 /* Coordinator.swift */,
				03970709283C354500207A37 /* MainCoordinator.swift */,
			);
			path = Coordinator;
			sourceTree = "<group>";
		};
		0397070D283C354500207A37 /* View */ = {
			isa = PBXGroup;
			children = (
				039706DB283C326200207A37 /* LaunchScreen.storyboard */,
				0397070B283C354500207A37 /* SplashController.swift */,
			);
			path = View;
			sourceTree = "<group>";
		};
		0397070E283C354500207A37 /* Extensions */ = {
			isa = PBXGroup;
			children = (
				0397070F283C354500207A37 /* UIView.swift */,
				03FE77BC283EC6360072EDDB /* UIImageView.swift */,
				03FE77BE283EC6E10072EDDB /* UIColor.swift */,
				0355749B2840164400C0512E /* Int.swift */,
				0357314528403A94005CA337 /* UITableView.swift */,
				0357314728403C21005CA337 /* Reactive.swift */,
			);
			path = Extensions;
			sourceTree = "<group>";
		};
		03970711283C354500207A37 /* Networking */ = {
			isa = PBXGroup;
			children = (
				03970712283C354500207A37 /* Base */,
				03827887283D43D1008B4781 /* Entity */,
				03827884283D42FF008B4781 /* Service */,
			);
			path = Networking;
			sourceTree = "<group>";
		};
		03970712283C354500207A37 /* Base */ = {
			isa = PBXGroup;
			children = (
				03970713283C354500207A37 /* ApiBaseProtocol.swift */,
				03970717283C383D00207A37 /* ApiBase.swift */,
				03970715283C354500207A37 /* EndPoint.swift */,
				0349E468283D7DA3007131A8 /* RequestInfo.swift */,
			);
			path = Base;
			sourceTree = "<group>";
		};
		D819C794DDB179174EC654CB /* Frameworks */ = {
			isa = PBXGroup;
			children = (
				3C9E7A6883FD6C4FAEE098C3 /* Pods_PhotoApp.framework */,
				58B960FF5A06A5AC165D94B3 /* Pods_PhotoApp_PhotoAppUITests.framework */,
				2E4863ABD5A6EA9CA5FDFD7B /* Pods_PhotoAppTests.framework */,
			);
			name = Frameworks;
			sourceTree = "<group>";
		};
		E9308486754F5F11C434BD6D /* Pods */ = {
			isa = PBXGroup;
			children = (
				80A8DC04340229C520573353 /* Pods-PhotoApp.debug.xcconfig */,
				07A41E40E2FC455D2E1CCD8D /* Pods-PhotoApp.release.xcconfig */,
				F4895480BFF98EC3D543304D /* Pods-PhotoApp-PhotoAppUITests.debug.xcconfig */,
				FFCC53A748F86A446ABADE64 /* Pods-PhotoApp-PhotoAppUITests.release.xcconfig */,
				92E045E0E505F240D400685E /* Pods-PhotoAppTests.debug.xcconfig */,
				0C3138AE398ACE3641750DB0 /* Pods-PhotoAppTests.release.xcconfig */,
			);
			path = Pods;
			sourceTree = "<group>";
		};
/* End PBXGroup section */

/* Begin PBXNativeTarget section */
		039706CC283C326100207A37 /* PhotoApp */ = {
			isa = PBXNativeTarget;
			buildConfigurationList = 039706F7283C326200207A37 /* Build configuration list for PBXNativeTarget "PhotoApp" */;
			buildPhases = (
				D3A5F787EDFE17895B613A3C /* [CP] Check Pods Manifest.lock */,
				039706C9283C326100207A37 /* Sources */,
				039706CA283C326100207A37 /* Frameworks */,
				039706CB283C326100207A37 /* Resources */,
				D207856741B20B8354DD226A /* [CP] Embed Pods Frameworks */,
			);
			buildRules = (
			);
			dependencies = (
			);
			name = PhotoApp;
			productName = PhotoApp;
			productReference = 039706CD283C326100207A37 /* PhotoApp.app */;
			productType = "com.apple.product-type.application";
		};
		039706E2283C326200207A37 /* PhotoAppTests */ = {
			isa = PBXNativeTarget;
			buildConfigurationList = 039706FA283C326200207A37 /* Build configuration list for PBXNativeTarget "PhotoAppTests" */;
			buildPhases = (
				FFED8D9294D89A1630B4A6CC /* [CP] Check Pods Manifest.lock */,
				039706DF283C326200207A37 /* Sources */,
				039706E0283C326200207A37 /* Frameworks */,
				039706E1283C326200207A37 /* Resources */,
			);
			buildRules = (
			);
			dependencies = (
				039706E5283C326200207A37 /* PBXTargetDependency */,
			);
			name = PhotoAppTests;
			productName = PhotoAppTests;
			productReference = 039706E3283C326200207A37 /* PhotoAppTests.xctest */;
			productType = "com.apple.product-type.bundle.unit-test";
		};
		039706ED283C326200207A37 /* PhotoAppUITests */ = {
			isa = PBXNativeTarget;
			buildConfigurationList = 039706FD283C326200207A37 /* Build configuration list for PBXNativeTarget "PhotoAppUITests" */;
			buildPhases = (
				55907E3C918467BFB2B003B4 /* [CP] Check Pods Manifest.lock */,
				039706EA283C326200207A37 /* Sources */,
				039706EB283C326200207A37 /* Frameworks */,
				039706EC283C326200207A37 /* Resources */,
				8FB0F06290837A97E8C7DB66 /* [CP] Embed Pods Frameworks */,
			);
			buildRules = (
			);
			dependencies = (
				039706F0283C326200207A37 /* PBXTargetDependency */,
			);
			name = PhotoAppUITests;
			productName = PhotoAppUITests;
			productReference = 039706EE283C326200207A37 /* PhotoAppUITests.xctest */;
			productType = "com.apple.product-type.bundle.ui-testing";
		};
/* End PBXNativeTarget section */

/* Begin PBXProject section */
		039706C5283C326100207A37 /* Project object */ = {
			isa = PBXProject;
			attributes = {
				LastSwiftUpdateCheck = 1250;
				LastUpgradeCheck = 1250;
				TargetAttributes = {
					039706CC283C326100207A37 = {
						CreatedOnToolsVersion = 12.5;
					};
					039706E2283C326200207A37 = {
						CreatedOnToolsVersion = 12.5;
						TestTargetID = 039706CC283C326100207A37;
					};
					039706ED283C326200207A37 = {
						CreatedOnToolsVersion = 12.5;
						TestTargetID = 039706CC283C326100207A37;
					};
				};
			};
			buildConfigurationList = 039706C8283C326100207A37 /* Build configuration list for PBXProject "PhotoApp" */;
			compatibilityVersion = "Xcode 9.3";
			developmentRegion = en;
			hasScannedForEncodings = 0;
			knownRegions = (
				en,
				Base,
			);
			mainGroup = 039706C4283C326100207A37;
			productRefGroup = 039706CE283C326100207A37 /* Products */;
			projectDirPath = "";
			projectRoot = "";
			targets = (
				039706CC283C326100207A37 /* PhotoApp */,
				039706E2283C326200207A37 /* PhotoAppTests */,
				039706ED283C326200207A37 /* PhotoAppUITests */,
			);
		};
/* End PBXProject section */

/* Begin PBXResourcesBuildPhase section */
		039706CB283C326100207A37 /* Resources */ = {
			isa = PBXResourcesBuildPhase;
			buildActionMask = 2147483647;
			files = (
				039706DD283C326200207A37 /* LaunchScreen.storyboard in Resources */,
				039706DA283C326200207A37 /* Assets.xcassets in Resources */,
			);
			runOnlyForDeploymentPostprocessing = 0;
		};
		039706E1283C326200207A37 /* Resources */ = {
			isa = PBXResourcesBuildPhase;
			buildActionMask = 2147483647;
			files = (
			);
			runOnlyForDeploymentPostprocessing = 0;
		};
		039706EC283C326200207A37 /* Resources */ = {
			isa = PBXResourcesBuildPhase;
			buildActionMask = 2147483647;
			files = (
			);
			runOnlyForDeploymentPostprocessing = 0;
		};
/* End PBXResourcesBuildPhase section */

/* Begin PBXShellScriptBuildPhase section */
		55907E3C918467BFB2B003B4 /* [CP] Check Pods Manifest.lock */ = {
			isa = PBXShellScriptBuildPhase;
			buildActionMask = 2147483647;
			files = (
			);
			inputFileListPaths = (
			);
			inputPaths = (
				"${PODS_PODFILE_DIR_PATH}/Podfile.lock",
				"${PODS_ROOT}/Manifest.lock",
			);
			name = "[CP] Check Pods Manifest.lock";
			outputFileListPaths = (
			);
			outputPaths = (
				"$(DERIVED_FILE_DIR)/Pods-PhotoApp-PhotoAppUITests-checkManifestLockResult.txt",
			);
			runOnlyForDeploymentPostprocessing = 0;
			shellPath = /bin/sh;
			shellScript = "diff \"${PODS_PODFILE_DIR_PATH}/Podfile.lock\" \"${PODS_ROOT}/Manifest.lock\" > /dev/null\nif [ $? != 0 ] ; then\n    # print error to STDERR\n    echo \"error: The sandbox is not in sync with the Podfile.lock. Run 'pod install' or update your CocoaPods installation.\" >&2\n    exit 1\nfi\n# This output is used by Xcode 'outputs' to avoid re-running this script phase.\necho \"SUCCESS\" > \"${SCRIPT_OUTPUT_FILE_0}\"\n";
			showEnvVarsInLog = 0;
		};
		8FB0F06290837A97E8C7DB66 /* [CP] Embed Pods Frameworks */ = {
			isa = PBXShellScriptBuildPhase;
			buildActionMask = 2147483647;
			files = (
			);
			inputFileListPaths = (
				"${PODS_ROOT}/Target Support Files/Pods-PhotoApp-PhotoAppUITests/Pods-PhotoApp-PhotoAppUITests-frameworks-${CONFIGURATION}-input-files.xcfilelist",
			);
			name = "[CP] Embed Pods Frameworks";
			outputFileListPaths = (
				"${PODS_ROOT}/Target Support Files/Pods-PhotoApp-PhotoAppUITests/Pods-PhotoApp-PhotoAppUITests-frameworks-${CONFIGURATION}-output-files.xcfilelist",
			);
			runOnlyForDeploymentPostprocessing = 0;
			shellPath = /bin/sh;
			shellScript = "\"${PODS_ROOT}/Target Support Files/Pods-PhotoApp-PhotoAppUITests/Pods-PhotoApp-PhotoAppUITests-frameworks.sh\"\n";
			showEnvVarsInLog = 0;
		};
		D207856741B20B8354DD226A /* [CP] Embed Pods Frameworks */ = {
			isa = PBXShellScriptBuildPhase;
			buildActionMask = 2147483647;
			files = (
			);
			inputFileListPaths = (
				"${PODS_ROOT}/Target Support Files/Pods-PhotoApp/Pods-PhotoApp-frameworks-${CONFIGURATION}-input-files.xcfilelist",
			);
			name = "[CP] Embed Pods Frameworks";
			outputFileListPaths = (
				"${PODS_ROOT}/Target Support Files/Pods-PhotoApp/Pods-PhotoApp-frameworks-${CONFIGURATION}-output-files.xcfilelist",
			);
			runOnlyForDeploymentPostprocessing = 0;
			shellPath = /bin/sh;
			shellScript = "\"${PODS_ROOT}/Target Support Files/Pods-PhotoApp/Pods-PhotoApp-frameworks.sh\"\n";
			showEnvVarsInLog = 0;
		};
		D3A5F787EDFE17895B613A3C /* [CP] Check Pods Manifest.lock */ = {
			isa = PBXShellScriptBuildPhase;
			buildActionMask = 2147483647;
			files = (
			);
			inputFileListPaths = (
			);
			inputPaths = (
				"${PODS_PODFILE_DIR_PATH}/Podfile.lock",
				"${PODS_ROOT}/Manifest.lock",
			);
			name = "[CP] Check Pods Manifest.lock";
			outputFileListPaths = (
			);
			outputPaths = (
				"$(DERIVED_FILE_DIR)/Pods-PhotoApp-checkManifestLockResult.txt",
			);
			runOnlyForDeploymentPostprocessing = 0;
			shellPath = /bin/sh;
			shellScript = "diff \"${PODS_PODFILE_DIR_PATH}/Podfile.lock\" \"${PODS_ROOT}/Manifest.lock\" > /dev/null\nif [ $? != 0 ] ; then\n    # print error to STDERR\n    echo \"error: The sandbox is not in sync with the Podfile.lock. Run 'pod install' or update your CocoaPods installation.\" >&2\n    exit 1\nfi\n# This output is used by Xcode 'outputs' to avoid re-running this script phase.\necho \"SUCCESS\" > \"${SCRIPT_OUTPUT_FILE_0}\"\n";
			showEnvVarsInLog = 0;
		};
		FFED8D9294D89A1630B4A6CC /* [CP] Check Pods Manifest.lock */ = {
			isa = PBXShellScriptBuildPhase;
			buildActionMask = 2147483647;
			files = (
			);
			inputFileListPaths = (
			);
			inputPaths = (
				"${PODS_PODFILE_DIR_PATH}/Podfile.lock",
				"${PODS_ROOT}/Manifest.lock",
			);
			name = "[CP] Check Pods Manifest.lock";
			outputFileListPaths = (
			);
			outputPaths = (
				"$(DERIVED_FILE_DIR)/Pods-PhotoAppTests-checkManifestLockResult.txt",
			);
			runOnlyForDeploymentPostprocessing = 0;
			shellPath = /bin/sh;
			shellScript = "diff \"${PODS_PODFILE_DIR_PATH}/Podfile.lock\" \"${PODS_ROOT}/Manifest.lock\" > /dev/null\nif [ $? != 0 ] ; then\n    # print error to STDERR\n    echo \"error: The sandbox is not in sync with the Podfile.lock. Run 'pod install' or update your CocoaPods installation.\" >&2\n    exit 1\nfi\n# This output is used by Xcode 'outputs' to avoid re-running this script phase.\necho \"SUCCESS\" > \"${SCRIPT_OUTPUT_FILE_0}\"\n";
			showEnvVarsInLog = 0;
		};
/* End PBXShellScriptBuildPhase section */

/* Begin PBXSourcesBuildPhase section */
		039706C9283C326100207A37 /* Sources */ = {
			isa = PBXSourcesBuildPhase;
			buildActionMask = 2147483647;
			files = (
				03970708283C354500207A37 /* Coordinator.swift in Sources */,
				0355749C2840164400C0512E /* Int.swift in Sources */,
				0349E469283D7DA3007131A8 /* RequestInfo.swift in Sources */,
				0349E474283D9711007131A8 /* PhotoListViewModelProtocol.swift in Sources */,
				0355749F284016EC00C0512E /* BannerViewData.swift in Sources */,
				039706D5283C326100207A37 /* PhotoListController.swift in Sources */,
				0357314C284040DF005CA337 /* IndicatorCell.swift in Sources */,
				03FE77BB283EC26E0072EDDB /* PhotoListController + BindingModel.swift in Sources */,
				03FE77BD283EC6360072EDDB /* UIImageView.swift in Sources */,
				03827889283D43F6008B4781 /* SearchParams.swift in Sources */,
				0397070C283C354500207A37 /* SplashController.swift in Sources */,
				0349E46B283D8499007131A8 /* PhotoCell.swift in Sources */,
				03970718283C383D00207A37 /* ApiBase.swift in Sources */,
				03970716283C354500207A37 /* EndPoint.swift in Sources */,
				03970710283C354500207A37 /* UIView.swift in Sources */,
				035574A1284016EC00C0512E /* SuperPhotoViewData.swift in Sources */,
				039706D1283C326100207A37 /* AppDelegate.swift in Sources */,
				03FE77BF283EC6E10072EDDB /* UIColor.swift in Sources */,
				0349E46E283D9327007131A8 /* SuperViewController.swift in Sources */,
				0397070A283C354500207A37 /* MainCoordinator.swift in Sources */,
				03827890283D49B2008B4781 /* Photo.swift in Sources */,
				03827886283D4334008B4781 /* PhotoService.swift in Sources */,
				0397071A283C396B00207A37 /* Constant.swift in Sources */,
				0357314628403A94005CA337 /* UITableView.swift in Sources */,
				039706D3283C326100207A37 /* SceneDelegate.swift in Sources */,
				0357314828403C21005CA337 /* Reactive.swift in Sources */,
				0349E472283D96EB007131A8 /* PhotoListViewModel.swift in Sources */,
				03FE77C1283EF3640072EDDB /* BannerCell.swift in Sources */,
				03970714283C354500207A37 /* ApiBaseProtocol.swift in Sources */,
				0349E476283D9A68007131A8 /* PhotoViewData.swift in Sources */,
				0382788E283D4917008B4781 /* SearchPhotoResponse.swift in Sources */,
			);
			runOnlyForDeploymentPostprocessing = 0;
		};
		039706DF283C326200207A37 /* Sources */ = {
			isa = PBXSourcesBuildPhase;
			buildActionMask = 2147483647;
			files = (
				039706E8283C326200207A37 /* PhotoAppTests.swift in Sources */,
			);
			runOnlyForDeploymentPostprocessing = 0;
		};
		039706EA283C326200207A37 /* Sources */ = {
			isa = PBXSourcesBuildPhase;
			buildActionMask = 2147483647;
			files = (
				039706F3283C326200207A37 /* PhotoAppUITests.swift in Sources */,
			);
			runOnlyForDeploymentPostprocessing = 0;
		};
/* End PBXSourcesBuildPhase section */

/* Begin PBXTargetDependency section */
		039706E5283C326200207A37 /* PBXTargetDependency */ = {
			isa = PBXTargetDependency;
			target = 039706CC283C326100207A37 /* PhotoApp */;
			targetProxy = 039706E4283C326200207A37 /* PBXContainerItemProxy */;
		};
		039706F0283C326200207A37 /* PBXTargetDependency */ = {
			isa = PBXTargetDependency;
			target = 039706CC283C326100207A37 /* PhotoApp */;
			targetProxy = 039706EF283C326200207A37 /* PBXContainerItemProxy */;
		};
/* End PBXTargetDependency section */

/* Begin PBXVariantGroup section */
		039706DB283C326200207A37 /* LaunchScreen.storyboard */ = {
			isa = PBXVariantGroup;
			children = (
				039706DC283C326200207A37 /* Base */,
			);
			name = LaunchScreen.storyboard;
			sourceTree = "<group>";
		};
/* End PBXVariantGroup section */

/* Begin XCBuildConfiguration section */
		039706F5283C326200207A37 /* Debug */ = {
			isa = XCBuildConfiguration;
			buildSettings = {
				ALWAYS_SEARCH_USER_PATHS = NO;
				CLANG_ANALYZER_NONNULL = YES;
				CLANG_ANALYZER_NUMBER_OBJECT_CONVERSION = YES_AGGRESSIVE;
				CLANG_CXX_LANGUAGE_STANDARD = "gnu++14";
				CLANG_CXX_LIBRARY = "libc++";
				CLANG_ENABLE_MODULES = YES;
				CLANG_ENABLE_OBJC_ARC = YES;
				CLANG_ENABLE_OBJC_WEAK = YES;
				CLANG_WARN_BLOCK_CAPTURE_AUTORELEASING = YES;
				CLANG_WARN_BOOL_CONVERSION = YES;
				CLANG_WARN_COMMA = YES;
				CLANG_WARN_CONSTANT_CONVERSION = YES;
				CLANG_WARN_DEPRECATED_OBJC_IMPLEMENTATIONS = YES;
				CLANG_WARN_DIRECT_OBJC_ISA_USAGE = YES_ERROR;
				CLANG_WARN_DOCUMENTATION_COMMENTS = YES;
				CLANG_WARN_EMPTY_BODY = YES;
				CLANG_WARN_ENUM_CONVERSION = YES;
				CLANG_WARN_INFINITE_RECURSION = YES;
				CLANG_WARN_INT_CONVERSION = YES;
				CLANG_WARN_NON_LITERAL_NULL_CONVERSION = YES;
				CLANG_WARN_OBJC_IMPLICIT_RETAIN_SELF = YES;
				CLANG_WARN_OBJC_LITERAL_CONVERSION = YES;
				CLANG_WARN_OBJC_ROOT_CLASS = YES_ERROR;
				CLANG_WARN_QUOTED_INCLUDE_IN_FRAMEWORK_HEADER = YES;
				CLANG_WARN_RANGE_LOOP_ANALYSIS = YES;
				CLANG_WARN_STRICT_PROTOTYPES = YES;
				CLANG_WARN_SUSPICIOUS_MOVE = YES;
				CLANG_WARN_UNGUARDED_AVAILABILITY = YES_AGGRESSIVE;
				CLANG_WARN_UNREACHABLE_CODE = YES;
				CLANG_WARN__DUPLICATE_METHOD_MATCH = YES;
				COPY_PHASE_STRIP = NO;
				DEBUG_INFORMATION_FORMAT = dwarf;
				ENABLE_STRICT_OBJC_MSGSEND = YES;
				ENABLE_TESTABILITY = YES;
				GCC_C_LANGUAGE_STANDARD = gnu11;
				GCC_DYNAMIC_NO_PIC = NO;
				GCC_NO_COMMON_BLOCKS = YES;
				GCC_OPTIMIZATION_LEVEL = 0;
				GCC_PREPROCESSOR_DEFINITIONS = (
					"DEBUG=1",
					"$(inherited)",
				);
				GCC_WARN_64_TO_32_BIT_CONVERSION = YES;
				GCC_WARN_ABOUT_RETURN_TYPE = YES_ERROR;
				GCC_WARN_UNDECLARED_SELECTOR = YES;
				GCC_WARN_UNINITIALIZED_AUTOS = YES_AGGRESSIVE;
				GCC_WARN_UNUSED_FUNCTION = YES;
				GCC_WARN_UNUSED_VARIABLE = YES;
				IPHONEOS_DEPLOYMENT_TARGET = 14.5;
				MTL_ENABLE_DEBUG_INFO = INCLUDE_SOURCE;
				MTL_FAST_MATH = YES;
				ONLY_ACTIVE_ARCH = YES;
				SDKROOT = iphoneos;
				SWIFT_ACTIVE_COMPILATION_CONDITIONS = DEBUG;
				SWIFT_OPTIMIZATION_LEVEL = "-Onone";
			};
			name = Debug;
		};
		039706F6283C326200207A37 /* Release */ = {
			isa = XCBuildConfiguration;
			buildSettings = {
				ALWAYS_SEARCH_USER_PATHS = NO;
				CLANG_ANALYZER_NONNULL = YES;
				CLANG_ANALYZER_NUMBER_OBJECT_CONVERSION = YES_AGGRESSIVE;
				CLANG_CXX_LANGUAGE_STANDARD = "gnu++14";
				CLANG_CXX_LIBRARY = "libc++";
				CLANG_ENABLE_MODULES = YES;
				CLANG_ENABLE_OBJC_ARC = YES;
				CLANG_ENABLE_OBJC_WEAK = YES;
				CLANG_WARN_BLOCK_CAPTURE_AUTORELEASING = YES;
				CLANG_WARN_BOOL_CONVERSION = YES;
				CLANG_WARN_COMMA = YES;
				CLANG_WARN_CONSTANT_CONVERSION = YES;
				CLANG_WARN_DEPRECATED_OBJC_IMPLEMENTATIONS = YES;
				CLANG_WARN_DIRECT_OBJC_ISA_USAGE = YES_ERROR;
				CLANG_WARN_DOCUMENTATION_COMMENTS = YES;
				CLANG_WARN_EMPTY_BODY = YES;
				CLANG_WARN_ENUM_CONVERSION = YES;
				CLANG_WARN_INFINITE_RECURSION = YES;
				CLANG_WARN_INT_CONVERSION = YES;
				CLANG_WARN_NON_LITERAL_NULL_CONVERSION = YES;
				CLANG_WARN_OBJC_IMPLICIT_RETAIN_SELF = YES;
				CLANG_WARN_OBJC_LITERAL_CONVERSION = YES;
				CLANG_WARN_OBJC_ROOT_CLASS = YES_ERROR;
				CLANG_WARN_QUOTED_INCLUDE_IN_FRAMEWORK_HEADER = YES;
				CLANG_WARN_RANGE_LOOP_ANALYSIS = YES;
				CLANG_WARN_STRICT_PROTOTYPES = YES;
				CLANG_WARN_SUSPICIOUS_MOVE = YES;
				CLANG_WARN_UNGUARDED_AVAILABILITY = YES_AGGRESSIVE;
				CLANG_WARN_UNREACHABLE_CODE = YES;
				CLANG_WARN__DUPLICATE_METHOD_MATCH = YES;
				COPY_PHASE_STRIP = NO;
				DEBUG_INFORMATION_FORMAT = "dwarf-with-dsym";
				ENABLE_NS_ASSERTIONS = NO;
				ENABLE_STRICT_OBJC_MSGSEND = YES;
				GCC_C_LANGUAGE_STANDARD = gnu11;
				GCC_NO_COMMON_BLOCKS = YES;
				GCC_WARN_64_TO_32_BIT_CONVERSION = YES;
				GCC_WARN_ABOUT_RETURN_TYPE = YES_ERROR;
				GCC_WARN_UNDECLARED_SELECTOR = YES;
				GCC_WARN_UNINITIALIZED_AUTOS = YES_AGGRESSIVE;
				GCC_WARN_UNUSED_FUNCTION = YES;
				GCC_WARN_UNUSED_VARIABLE = YES;
				IPHONEOS_DEPLOYMENT_TARGET = 14.5;
				MTL_ENABLE_DEBUG_INFO = NO;
				MTL_FAST_MATH = YES;
				SDKROOT = iphoneos;
				SWIFT_COMPILATION_MODE = wholemodule;
				SWIFT_OPTIMIZATION_LEVEL = "-O";
				VALIDATE_PRODUCT = YES;
			};
			name = Release;
		};
		039706F8283C326200207A37 /* Debug */ = {
			isa = XCBuildConfiguration;
			baseConfigurationReference = 80A8DC04340229C520573353 /* Pods-PhotoApp.debug.xcconfig */;
			buildSettings = {
				ASSETCATALOG_COMPILER_APPICON_NAME = AppIcon;
				ASSETCATALOG_COMPILER_GLOBAL_ACCENT_COLOR_NAME = AccentColor;
				CODE_SIGN_STYLE = Automatic;
				INFOPLIST_FILE = PhotoApp/Resources/Info.plist;
				LD_RUNPATH_SEARCH_PATHS = (
					"$(inherited)",
					"@executable_path/Frameworks",
				);
				PRODUCT_BUNDLE_IDENTIFIER = Moh.PhotoApp;
				PRODUCT_NAME = "$(TARGET_NAME)";
				SWIFT_VERSION = 5.0;
				TARGETED_DEVICE_FAMILY = "1,2";
			};
			name = Debug;
		};
		039706F9283C326200207A37 /* Release */ = {
			isa = XCBuildConfiguration;
			baseConfigurationReference = 07A41E40E2FC455D2E1CCD8D /* Pods-PhotoApp.release.xcconfig */;
			buildSettings = {
				ASSETCATALOG_COMPILER_APPICON_NAME = AppIcon;
				ASSETCATALOG_COMPILER_GLOBAL_ACCENT_COLOR_NAME = AccentColor;
				CODE_SIGN_STYLE = Automatic;
				INFOPLIST_FILE = PhotoApp/Resources/Info.plist;
				LD_RUNPATH_SEARCH_PATHS = (
					"$(inherited)",
					"@executable_path/Frameworks",
				);
				PRODUCT_BUNDLE_IDENTIFIER = Moh.PhotoApp;
				PRODUCT_NAME = "$(TARGET_NAME)";
				SWIFT_VERSION = 5.0;
				TARGETED_DEVICE_FAMILY = "1,2";
			};
			name = Release;
		};
		039706FB283C326200207A37 /* Debug */ = {
			isa = XCBuildConfiguration;
			baseConfigurationReference = 92E045E0E505F240D400685E /* Pods-PhotoAppTests.debug.xcconfig */;
			buildSettings = {
				ALWAYS_EMBED_SWIFT_STANDARD_LIBRARIES = YES;
				BUNDLE_LOADER = "$(TEST_HOST)";
				CODE_SIGN_STYLE = Automatic;
				INFOPLIST_FILE = PhotoAppTests/Info.plist;
				IPHONEOS_DEPLOYMENT_TARGET = 14.5;
				LD_RUNPATH_SEARCH_PATHS = (
					"$(inherited)",
					"@executable_path/Frameworks",
					"@loader_path/Frameworks",
				);
				PRODUCT_BUNDLE_IDENTIFIER = Moh.PhotoAppTests;
				PRODUCT_NAME = "$(TARGET_NAME)";
				SWIFT_VERSION = 5.0;
				TARGETED_DEVICE_FAMILY = "1,2";
				TEST_HOST = "$(BUILT_PRODUCTS_DIR)/PhotoApp.app/PhotoApp";
			};
			name = Debug;
		};
		039706FC283C326200207A37 /* Release */ = {
			isa = XCBuildConfiguration;
			baseConfigurationReference = 0C3138AE398ACE3641750DB0 /* Pods-PhotoAppTests.release.xcconfig */;
			buildSettings = {
				ALWAYS_EMBED_SWIFT_STANDARD_LIBRARIES = YES;
				BUNDLE_LOADER = "$(TEST_HOST)";
				CODE_SIGN_STYLE = Automatic;
				INFOPLIST_FILE = PhotoAppTests/Info.plist;
				IPHONEOS_DEPLOYMENT_TARGET = 14.5;
				LD_RUNPATH_SEARCH_PATHS = (
					"$(inherited)",
					"@executable_path/Frameworks",
					"@loader_path/Frameworks",
				);
				PRODUCT_BUNDLE_IDENTIFIER = Moh.PhotoAppTests;
				PRODUCT_NAME = "$(TARGET_NAME)";
				SWIFT_VERSION = 5.0;
				TARGETED_DEVICE_FAMILY = "1,2";
				TEST_HOST = "$(BUILT_PRODUCTS_DIR)/PhotoApp.app/PhotoApp";
			};
			name = Release;
		};
		039706FE283C326200207A37 /* Debug */ = {
			isa = XCBuildConfiguration;
			baseConfigurationReference = F4895480BFF98EC3D543304D /* Pods-PhotoApp-PhotoAppUITests.debug.xcconfig */;
			buildSettings = {
				ALWAYS_EMBED_SWIFT_STANDARD_LIBRARIES = YES;
				CODE_SIGN_STYLE = Automatic;
				INFOPLIST_FILE = PhotoAppUITests/Info.plist;
				LD_RUNPATH_SEARCH_PATHS = (
					"$(inherited)",
					"@executable_path/Frameworks",
					"@loader_path/Frameworks",
				);
				PRODUCT_BUNDLE_IDENTIFIER = Moh.PhotoAppUITests;
				PRODUCT_NAME = "$(TARGET_NAME)";
				SWIFT_VERSION = 5.0;
				TARGETED_DEVICE_FAMILY = "1,2";
				TEST_TARGET_NAME = PhotoApp;
			};
			name = Debug;
		};
		039706FF283C326200207A37 /* Release */ = {
			isa = XCBuildConfiguration;
			baseConfigurationReference = FFCC53A748F86A446ABADE64 /* Pods-PhotoApp-PhotoAppUITests.release.xcconfig */;
			buildSettings = {
				ALWAYS_EMBED_SWIFT_STANDARD_LIBRARIES = YES;
				CODE_SIGN_STYLE = Automatic;
				INFOPLIST_FILE = PhotoAppUITests/Info.plist;
				LD_RUNPATH_SEARCH_PATHS = (
					"$(inherited)",
					"@executable_path/Frameworks",
					"@loader_path/Frameworks",
				);
				PRODUCT_BUNDLE_IDENTIFIER = Moh.PhotoAppUITests;
				PRODUCT_NAME = "$(TARGET_NAME)";
				SWIFT_VERSION = 5.0;
				TARGETED_DEVICE_FAMILY = "1,2";
				TEST_TARGET_NAME = PhotoApp;
			};
			name = Release;
		};
/* End XCBuildConfiguration section */

/* Begin XCConfigurationList section */
		039706C8283C326100207A37 /* Build configuration list for PBXProject "PhotoApp" */ = {
			isa = XCConfigurationList;
			buildConfigurations = (
				039706F5283C326200207A37 /* Debug */,
				039706F6283C326200207A37 /* Release */,
			);
			defaultConfigurationIsVisible = 0;
			defaultConfigurationName = Release;
		};
		039706F7283C326200207A37 /* Build configuration list for PBXNativeTarget "PhotoApp" */ = {
			isa = XCConfigurationList;
			buildConfigurations = (
				039706F8283C326200207A37 /* Debug */,
				039706F9283C326200207A37 /* Release */,
			);
			defaultConfigurationIsVisible = 0;
			defaultConfigurationName = Release;
		};
		039706FA283C326200207A37 /* Build configuration list for PBXNativeTarget "PhotoAppTests" */ = {
			isa = XCConfigurationList;
			buildConfigurations = (
				039706FB283C326200207A37 /* Debug */,
				039706FC283C326200207A37 /* Release */,
			);
			defaultConfigurationIsVisible = 0;
			defaultConfigurationName = Release;
		};
		039706FD283C326200207A37 /* Build configuration list for PBXNativeTarget "PhotoAppUITests" */ = {
			isa = XCConfigurationList;
			buildConfigurations = (
				039706FE283C326200207A37 /* Debug */,
				039706FF283C326200207A37 /* Release */,
			);
			defaultConfigurationIsVisible = 0;
			defaultConfigurationName = Release;
		};
/* End XCConfigurationList section */
	};
	rootObject = 039706C5283C326100207A37 /* Project object */;
}
